// !$*UTF8*$!
{
	archiveVersion = 1;
	classes = {
	};
	objectVersion = 56;
	objects = {

/* Begin PBXBuildFile section */
		34BE87FA2BBB69BB004A1199 /* TipTrackerApp.swift in Sources */ = {isa = PBXBuildFile; fileRef = 34BE87F92BBB69BB004A1199 /* TipTrackerApp.swift */; };
		34BE87FC2BBB69BB004A1199 /* WeekView.swift in Sources */ = {isa = PBXBuildFile; fileRef = 34BE87FB2BBB69BB004A1199 /* WeekView.swift */; };
		34BE87FE2BBB69BD004A1199 /* Assets.xcassets in Resources */ = {isa = PBXBuildFile; fileRef = 34BE87FD2BBB69BD004A1199 /* Assets.xcassets */; };
		34BE88012BBB69BD004A1199 /* Preview Assets.xcassets in Resources */ = {isa = PBXBuildFile; fileRef = 34BE88002BBB69BD004A1199 /* Preview Assets.xcassets */; };
		34BE88082BBB69E3004A1199 /* Models.swift in Sources */ = {isa = PBXBuildFile; fileRef = 34BE88072BBB69E3004A1199 /* Models.swift */; };
		34BE880A2BBB6AEA004A1199 /* DataStore.swift in Sources */ = {isa = PBXBuildFile; fileRef = 34BE88092BBB6AEA004A1199 /* DataStore.swift */; };
		34BE880C2BBCD31C004A1199 /* OrderFormViewModel.swift in Sources */ = {isa = PBXBuildFile; fileRef = 34BE880B2BBCD31C004A1199 /* OrderFormViewModel.swift */; };
		34BE880E2BBCD895004A1199 /* OrderFormView.swift in Sources */ = {isa = PBXBuildFile; fileRef = 34BE880D2BBCD895004A1199 /* OrderFormView.swift */; };
		34BE88102BBD09AE004A1199 /* DayView.swift in Sources */ = {isa = PBXBuildFile; fileRef = 34BE880F2BBD09AE004A1199 /* DayView.swift */; };
		34BE88122BBD1C1E004A1199 /* ModalType.swift in Sources */ = {isa = PBXBuildFile; fileRef = 34BE88112BBD1C1E004A1199 /* ModalType.swift */; };
/* End PBXBuildFile section */

/* Begin PBXFileReference section */
		34BE87F62BBB69BB004A1199 /* TipTracker.app */ = {isa = PBXFileReference; explicitFileType = wrapper.application; includeInIndex = 0; path = TipTracker.app; sourceTree = BUILT_PRODUCTS_DIR; };
		34BE87F92BBB69BB004A1199 /* TipTrackerApp.swift */ = {isa = PBXFileReference; lastKnownFileType = sourcecode.swift; path = TipTrackerApp.swift; sourceTree = "<group>"; };
		34BE87FB2BBB69BB004A1199 /* WeekView.swift */ = {isa = PBXFileReference; lastKnownFileType = sourcecode.swift; path = WeekView.swift; sourceTree = "<group>"; };
		34BE87FD2BBB69BD004A1199 /* Assets.xcassets */ = {isa = PBXFileReference; lastKnownFileType = folder.assetcatalog; path = Assets.xcassets; sourceTree = "<group>"; };
		34BE88002BBB69BD004A1199 /* Preview Assets.xcassets */ = {isa = PBXFileReference; lastKnownFileType = folder.assetcatalog; path = "Preview Assets.xcassets"; sourceTree = "<group>"; };
		34BE88072BBB69E3004A1199 /* Models.swift */ = {isa = PBXFileReference; lastKnownFileType = sourcecode.swift; path = Models.swift; sourceTree = "<group>"; };
		34BE88092BBB6AEA004A1199 /* DataStore.swift */ = {isa = PBXFileReference; lastKnownFileType = sourcecode.swift; path = DataStore.swift; sourceTree = "<group>"; };
		34BE880B2BBCD31C004A1199 /* OrderFormViewModel.swift */ = {isa = PBXFileReference; lastKnownFileType = sourcecode.swift; path = OrderFormViewModel.swift; sourceTree = "<group>"; };
		34BE880D2BBCD895004A1199 /* OrderFormView.swift */ = {isa = PBXFileReference; lastKnownFileType = sourcecode.swift; path = OrderFormView.swift; sourceTree = "<group>"; };
		34BE880F2BBD09AE004A1199 /* DayView.swift */ = {isa = PBXFileReference; lastKnownFileType = sourcecode.swift; path = DayView.swift; sourceTree = "<group>"; };
		34BE88112BBD1C1E004A1199 /* ModalType.swift */ = {isa = PBXFileReference; lastKnownFileType = sourcecode.swift; path = ModalType.swift; sourceTree = "<group>"; };
/* End PBXFileReference section */

/* Begin PBXFrameworksBuildPhase section */
		34BE87F32BBB69BB004A1199 /* Frameworks */ = {
			isa = PBXFrameworksBuildPhase;
			buildActionMask = 2147483647;
			files = (
			);
			runOnlyForDeploymentPostprocessing = 0;
		};
/* End PBXFrameworksBuildPhase section */

/* Begin PBXGroup section */
		34BE87ED2BBB69BB004A1199 = {
			isa = PBXGroup;
			children = (
				34BE87F82BBB69BB004A1199 /* TipTracker */,
				34BE87F72BBB69BB004A1199 /* Products */,
			);
			sourceTree = "<group>";
		};
		34BE87F72BBB69BB004A1199 /* Products */ = {
			isa = PBXGroup;
			children = (
				34BE87F62BBB69BB004A1199 /* TipTracker.app */,
			);
			name = Products;
			sourceTree = "<group>";
		};
		34BE87F82BBB69BB004A1199 /* TipTracker */ = {
			isa = PBXGroup;
			children = (
				34BE88132BBD23CA004A1199 /* Models */,
				34BE88142BBD2432004A1199 /* ViewModels */,
				34BE88152BBD2455004A1199 /* Views */,
				34BE87F92BBB69BB004A1199 /* TipTrackerApp.swift */,
				34BE87FD2BBB69BD004A1199 /* Assets.xcassets */,
				34BE87FF2BBB69BD004A1199 /* Preview Content */,
			);
			path = TipTracker;
			sourceTree = "<group>";
		};
		34BE87FF2BBB69BD004A1199 /* Preview Content */ = {
			isa = PBXGroup;
			children = (
				34BE88002BBB69BD004A1199 /* Preview Assets.xcassets */,
			);
			path = "Preview Content";
			sourceTree = "<group>";
		};
		34BE88132BBD23CA004A1199 /* Models */ = {
			isa = PBXGroup;
			children = (
				34BE88072BBB69E3004A1199 /* Models.swift */,
				34BE88112BBD1C1E004A1199 /* ModalType.swift */,
			);
			path = Models;
			sourceTree = "<group>";
		};
		34BE88142BBD2432004A1199 /* ViewModels */ = {
			isa = PBXGroup;
			children = (
				34BE880B2BBCD31C004A1199 /* OrderFormViewModel.swift */,
				34BE88092BBB6AEA004A1199 /* DataStore.swift */,
			);
			path = ViewModels;
			sourceTree = "<group>";
		};
		34BE88152BBD2455004A1199 /* Views */ = {
			isa = PBXGroup;
			children = (
				34BE880D2BBCD895004A1199 /* OrderFormView.swift */,
				34BE87FB2BBB69BB004A1199 /* WeekView.swift */,
				34BE880F2BBD09AE004A1199 /* DayView.swift */,
			);
			path = Views;
			sourceTree = "<group>";
		};
/* End PBXGroup section */

/* Begin PBXNativeTarget section */
		34BE87F52BBB69BB004A1199 /* TipTracker */ = {
			isa = PBXNativeTarget;
			buildConfigurationList = 34BE88042BBB69BD004A1199 /* Build configuration list for PBXNativeTarget "TipTracker" */;
			buildPhases = (
				34BE87F22BBB69BB004A1199 /* Sources */,
				34BE87F32BBB69BB004A1199 /* Frameworks */,
				34BE87F42BBB69BB004A1199 /* Resources */,
			);
			buildRules = (
			);
			dependencies = (
			);
			name = TipTracker;
			productName = TipTracker;
			productReference = 34BE87F62BBB69BB004A1199 /* TipTracker.app */;
			productType = "com.apple.product-type.application";
		};
/* End PBXNativeTarget section */

/* Begin PBXProject section */
		34BE87EE2BBB69BB004A1199 /* Project object */ = {
			isa = PBXProject;
			attributes = {
				BuildIndependentTargetsInParallel = 1;
				LastSwiftUpdateCheck = 1530;
				LastUpgradeCheck = 1530;
				TargetAttributes = {
					34BE87F52BBB69BB004A1199 = {
						CreatedOnToolsVersion = 15.3;
					};
				};
			};
			buildConfigurationList = 34BE87F12BBB69BB004A1199 /* Build configuration list for PBXProject "TipTracker" */;
			compatibilityVersion = "Xcode 14.0";
			developmentRegion = en;
			hasScannedForEncodings = 0;
			knownRegions = (
				en,
				Base,
			);
			mainGroup = 34BE87ED2BBB69BB004A1199;
			productRefGroup = 34BE87F72BBB69BB004A1199 /* Products */;
			projectDirPath = "";
			projectRoot = "";
			targets = (
				34BE87F52BBB69BB004A1199 /* TipTracker */,
			);
		};
/* End PBXProject section */

/* Begin PBXResourcesBuildPhase section */
		34BE87F42BBB69BB004A1199 /* Resources */ = {
			isa = PBXResourcesBuildPhase;
			buildActionMask = 2147483647;
			files = (
				34BE88012BBB69BD004A1199 /* Preview Assets.xcassets in Resources */,
				34BE87FE2BBB69BD004A1199 /* Assets.xcassets in Resources */,
			);
			runOnlyForDeploymentPostprocessing = 0;
		};
/* End PBXResourcesBuildPhase section */

/* Begin PBXSourcesBuildPhase section */
		34BE87F22BBB69BB004A1199 /* Sources */ = {
			isa = PBXSourcesBuildPhase;
			buildActionMask = 2147483647;
			files = (
				34BE88102BBD09AE004A1199 /* DayView.swift in Sources */,
				34BE88122BBD1C1E004A1199 /* ModalType.swift in Sources */,
				34BE88082BBB69E3004A1199 /* Models.swift in Sources */,
				34BE880E2BBCD895004A1199 /* OrderFormView.swift in Sources */,
				34BE880A2BBB6AEA004A1199 /* DataStore.swift in Sources */,
				34BE880C2BBCD31C004A1199 /* OrderFormViewModel.swift in Sources */,
				34BE87FC2BBB69BB004A1199 /* WeekView.swift in Sources */,
				34BE87FA2BBB69BB004A1199 /* TipTrackerApp.swift in Sources */,
			);
			runOnlyForDeploymentPostprocessing = 0;
		};
/* End PBXSourcesBuildPhase section */

/* Begin XCBuildConfiguration section */
		34BE88022BBB69BD004A1199 /* Debug */ = {
			isa = XCBuildConfiguration;
			buildSettings = {
				ALWAYS_SEARCH_USER_PATHS = NO;
				ASSETCATALOG_COMPILER_GENERATE_SWIFT_ASSET_SYMBOL_EXTENSIONS = YES;
				CLANG_ANALYZER_NONNULL = YES;
				CLANG_ANALYZER_NUMBER_OBJECT_CONVERSION = YES_AGGRESSIVE;
				CLANG_CXX_LANGUAGE_STANDARD = "gnu++20";
				CLANG_ENABLE_MODULES = YES;
				CLANG_ENABLE_OBJC_ARC = YES;
				CLANG_ENABLE_OBJC_WEAK = YES;
				CLANG_WARN_BLOCK_CAPTURE_AUTORELEASING = YES;
				CLANG_WARN_BOOL_CONVERSION = YES;
				CLANG_WARN_COMMA = YES;
				CLANG_WARN_CONSTANT_CONVERSION = YES;
				CLANG_WARN_DEPRECATED_OBJC_IMPLEMENTATIONS = YES;
				CLANG_WARN_DIRECT_OBJC_ISA_USAGE = YES_ERROR;
				CLANG_WARN_DOCUMENTATION_COMMENTS = YES;
				CLANG_WARN_EMPTY_BODY = YES;
				CLANG_WARN_ENUM_CONVERSION = YES;
				CLANG_WARN_INFINITE_RECURSION = YES;
				CLANG_WARN_INT_CONVERSION = YES;
				CLANG_WARN_NON_LITERAL_NULL_CONVERSION = YES;
				CLANG_WARN_OBJC_IMPLICIT_RETAIN_SELF = YES;
				CLANG_WARN_OBJC_LITERAL_CONVERSION = YES;
				CLANG_WARN_OBJC_ROOT_CLASS = YES_ERROR;
				CLANG_WARN_QUOTED_INCLUDE_IN_FRAMEWORK_HEADER = YES;
				CLANG_WARN_RANGE_LOOP_ANALYSIS = YES;
				CLANG_WARN_STRICT_PROTOTYPES = YES;
				CLANG_WARN_SUSPICIOUS_MOVE = YES;
				CLANG_WARN_UNGUARDED_AVAILABILITY = YES_AGGRESSIVE;
				CLANG_WARN_UNREACHABLE_CODE = YES;
				CLANG_WARN__DUPLICATE_METHOD_MATCH = YES;
				COPY_PHASE_STRIP = NO;
				DEBUG_INFORMATION_FORMAT = dwarf;
				ENABLE_STRICT_OBJC_MSGSEND = YES;
				ENABLE_TESTABILITY = YES;
				ENABLE_USER_SCRIPT_SANDBOXING = YES;
				GCC_C_LANGUAGE_STANDARD = gnu17;
				GCC_DYNAMIC_NO_PIC = NO;
				GCC_NO_COMMON_BLOCKS = YES;
				GCC_OPTIMIZATION_LEVEL = 0;
				GCC_PREPROCESSOR_DEFINITIONS = (
					"DEBUG=1",
					"$(inherited)",
				);
				GCC_WARN_64_TO_32_BIT_CONVERSION = YES;
				GCC_WARN_ABOUT_RETURN_TYPE = YES_ERROR;
				GCC_WARN_UNDECLARED_SELECTOR = YES;
				GCC_WARN_UNINITIALIZED_AUTOS = YES_AGGRESSIVE;
				GCC_WARN_UNUSED_FUNCTION = YES;
				GCC_WARN_UNUSED_VARIABLE = YES;
				IPHONEOS_DEPLOYMENT_TARGET = 17.4;
				LOCALIZATION_PREFERS_STRING_CATALOGS = YES;
				MTL_ENABLE_DEBUG_INFO = INCLUDE_SOURCE;
				MTL_FAST_MATH = YES;
				ONLY_ACTIVE_ARCH = YES;
				SDKROOT = iphoneos;
				SWIFT_ACTIVE_COMPILATION_CONDITIONS = "DEBUG $(inherited)";
				SWIFT_OPTIMIZATION_LEVEL = "-Onone";
			};
			name = Debug;
		};
		34BE88032BBB69BD004A1199 /* Release */ = {
			isa = XCBuildConfiguration;
			buildSettings = {
				ALWAYS_SEARCH_USER_PATHS = NO;
				ASSETCATALOG_COMPILER_GENERATE_SWIFT_ASSET_SYMBOL_EXTENSIONS = YES;
				CLANG_ANALYZER_NONNULL = YES;
				CLANG_ANALYZER_NUMBER_OBJECT_CONVERSION = YES_AGGRESSIVE;
				CLANG_CXX_LANGUAGE_STANDARD = "gnu++20";
				CLANG_ENABLE_MODULES = YES;
				CLANG_ENABLE_OBJC_ARC = YES;
				CLANG_ENABLE_OBJC_WEAK = YES;
				CLANG_WARN_BLOCK_CAPTURE_AUTORELEASING = YES;
				CLANG_WARN_BOOL_CONVERSION = YES;
				CLANG_WARN_COMMA = YES;
				CLANG_WARN_CONSTANT_CONVERSION = YES;
				CLANG_WARN_DEPRECATED_OBJC_IMPLEMENTATIONS = YES;
				CLANG_WARN_DIRECT_OBJC_ISA_USAGE = YES_ERROR;
				CLANG_WARN_DOCUMENTATION_COMMENTS = YES;
				CLANG_WARN_EMPTY_BODY = YES;
				CLANG_WARN_ENUM_CONVERSION = YES;
				CLANG_WARN_INFINITE_RECURSION = YES;
				CLANG_WARN_INT_CONVERSION = YES;
				CLANG_WARN_NON_LITERAL_NULL_CONVERSION = YES;
				CLANG_WARN_OBJC_IMPLICIT_RETAIN_SELF = YES;
				CLANG_WARN_OBJC_LITERAL_CONVERSION = YES;
				CLANG_WARN_OBJC_ROOT_CLASS = YES_ERROR;
				CLANG_WARN_QUOTED_INCLUDE_IN_FRAMEWORK_HEADER = YES;
				CLANG_WARN_RANGE_LOOP_ANALYSIS = YES;
				CLANG_WARN_STRICT_PROTOTYPES = YES;
				CLANG_WARN_SUSPICIOUS_MOVE = YES;
				CLANG_WARN_UNGUARDED_AVAILABILITY = YES_AGGRESSIVE;
				CLANG_WARN_UNREACHABLE_CODE = YES;
				CLANG_WARN__DUPLICATE_METHOD_MATCH = YES;
				COPY_PHASE_STRIP = NO;
				DEBUG_INFORMATION_FORMAT = "dwarf-with-dsym";
				ENABLE_NS_ASSERTIONS = NO;
				ENABLE_STRICT_OBJC_MSGSEND = YES;
				ENABLE_USER_SCRIPT_SANDBOXING = YES;
				GCC_C_LANGUAGE_STANDARD = gnu17;
				GCC_NO_COMMON_BLOCKS = YES;
				GCC_WARN_64_TO_32_BIT_CONVERSION = YES;
				GCC_WARN_ABOUT_RETURN_TYPE = YES_ERROR;
				GCC_WARN_UNDECLARED_SELECTOR = YES;
				GCC_WARN_UNINITIALIZED_AUTOS = YES_AGGRESSIVE;
				GCC_WARN_UNUSED_FUNCTION = YES;
				GCC_WARN_UNUSED_VARIABLE = YES;
				IPHONEOS_DEPLOYMENT_TARGET = 17.4;
				LOCALIZATION_PREFERS_STRING_CATALOGS = YES;
				MTL_ENABLE_DEBUG_INFO = NO;
				MTL_FAST_MATH = YES;
				SDKROOT = iphoneos;
				SWIFT_COMPILATION_MODE = wholemodule;
				VALIDATE_PRODUCT = YES;
			};
			name = Release;
		};
		34BE88052BBB69BD004A1199 /* Debug */ = {
			isa = XCBuildConfiguration;
			buildSettings = {
				ASSETCATALOG_COMPILER_APPICON_NAME = AppIcon;
				ASSETCATALOG_COMPILER_GLOBAL_ACCENT_COLOR_NAME = AccentColor;
				CODE_SIGN_STYLE = Automatic;
				CURRENT_PROJECT_VERSION = 1;
				DEVELOPMENT_ASSET_PATHS = "\"TipTracker/Preview Content\"";
				DEVELOPMENT_TEAM = D8YZY7JJY6;
				ENABLE_PREVIEWS = YES;
				GENERATE_INFOPLIST_FILE = YES;
				INFOPLIST_KEY_CFBundleDisplayName = "Tip Tracker";
				INFOPLIST_KEY_LSApplicationCategoryType = "public.app-category.utilities";
				INFOPLIST_KEY_UIApplicationSceneManifest_Generation = YES;
				INFOPLIST_KEY_UIApplicationSupportsIndirectInputEvents = YES;
				INFOPLIST_KEY_UILaunchScreen_Generation = YES;
				INFOPLIST_KEY_UIStatusBarStyle = "";
				INFOPLIST_KEY_UISupportedInterfaceOrientations = "UIInterfaceOrientationLandscapeLeft UIInterfaceOrientationLandscapeRight UIInterfaceOrientationPortrait UIInterfaceOrientationPortraitUpsideDown";
				LD_RUNPATH_SEARCH_PATHS = (
					"$(inherited)",
					"@executable_path/Frameworks",
				);
				MARKETING_VERSION = 1.0;
				PRODUCT_BUNDLE_IDENTIFIER = com.bamajoe411.TipTracker;
				PRODUCT_NAME = "$(TARGET_NAME)";
				SWIFT_EMIT_LOC_STRINGS = YES;
				SWIFT_VERSION = 5.0;
				TARGETED_DEVICE_FAMILY = "1,2";
			};
			name = Debug;
		};
		34BE88062BBB69BD004A1199 /* Release */ = {
			isa = XCBuildConfiguration;
			buildSettings = {
				ASSETCATALOG_COMPILER_APPICON_NAME = AppIcon;
				ASSETCATALOG_COMPILER_GLOBAL_ACCENT_COLOR_NAME = AccentColor;
				CODE_SIGN_STYLE = Automatic;
				CURRENT_PROJECT_VERSION = 1;
				DEVELOPMENT_ASSET_PATHS = "\"TipTracker/Preview Content\"";
				DEVELOPMENT_TEAM = D8YZY7JJY6;
				ENABLE_PREVIEWS = YES;
				GENERATE_INFOPLIST_FILE = YES;
				INFOPLIST_KEY_CFBundleDisplayName = "Tip Tracker";
				INFOPLIST_KEY_LSApplicationCategoryType = "public.app-category.utilities";
				INFOPLIST_KEY_UIApplicationSceneManifest_Generation = YES;
				INFOPLIST_KEY_UIApplicationSupportsIndirectInputEvents = YES;
				INFOPLIST_KEY_UILaunchScreen_Generation = YES;
				INFOPLIST_KEY_UIStatusBarStyle = "";
				INFOPLIST_KEY_UISupportedInterfaceOrientations = "UIInterfaceOrientationLandscapeLeft UIInterfaceOrientationLandscapeRight UIInterfaceOrientationPortrait UIInterfaceOrientationPortraitUpsideDown";
				LD_RUNPATH_SEARCH_PATHS = (
					"$(inherited)",
					"@executable_path/Frameworks",
				);
				MARKETING_VERSION = 1.0;
				PRODUCT_BUNDLE_IDENTIFIER = com.bamajoe411.TipTracker;
				PRODUCT_NAME = "$(TARGET_NAME)";
				SWIFT_EMIT_LOC_STRINGS = YES;
				SWIFT_VERSION = 5.0;
				TARGETED_DEVICE_FAMILY = "1,2";
			};
			name = Release;
		};
/* End XCBuildConfiguration section */

/* Begin XCConfigurationList section */
		34BE87F12BBB69BB004A1199 /* Build configuration list for PBXProject "TipTracker" */ = {
			isa = XCConfigurationList;
			buildConfigurations = (
				34BE88022BBB69BD004A1199 /* Debug */,
				34BE88032BBB69BD004A1199 /* Release */,
			);
			defaultConfigurationIsVisible = 0;
			defaultConfigurationName = Release;
		};
		34BE88042BBB69BD004A1199 /* Build configuration list for PBXNativeTarget "TipTracker" */ = {
			isa = XCConfigurationList;
			buildConfigurations = (
				34BE88052BBB69BD004A1199 /* Debug */,
				34BE88062BBB69BD004A1199 /* Release */,
			);
			defaultConfigurationIsVisible = 0;
			defaultConfigurationName = Release;
		};
/* End XCConfigurationList section */
	};
	rootObject = 34BE87EE2BBB69BB004A1199 /* Project object */;
}
